<Solution>
  <Project Path="Focus.AI.Api/Focus.AI.Api.csproj" />
  <Project Path="Focus.AI.Application.Tests/Focus.AI.Application.Tests.csproj" />
  <Project Path="Focus.AI.Application/Focus.AI.Application.csproj" />
  <Project Path="Focus.AI.Domain/Focus.AI.Domain.csproj" />
  <Project Path="Focus.AI.Infrastructure.Tests/Focus.AI.Infrastructure.Tests.csproj" />
  <Project Path="Focus.AI.Infrastructure/Focus.AI.Infrastructure.csproj" />
  <Project Path="Focus.AI.IntegrationTests/Focus.AI.IntegrationTests.csproj" />
</Solution>
